NeoBundleLock grep.vim 852ddb0c6590bbc41c508d7f5d2fc17112492def
NeoBundleLock lightline.vim b967eefb9b7c3103a2f8885eb736876f0a0cdaa9
NeoBundleLock neobundle.vim f5ace1d749382ab5e5a22670d57c61303a927b72
NeoBundleLock nerdtree 3b98a7fcae8f9fff356907171f0406ff8cd28921
NeoBundleLock surround.vim 324a8735bb82193a1a413e207dc1aaf60f3a1d82
NeoBundleLock syntastic dac07db61758590c71d655ed5403181af4e845a2
NeoBundleLock vim-abolish 665bed73aded4049a6d9bdaf3c87ee69af983abb
NeoBundleLock vim-autoclose a9a3b7384657bc1f60a963fd6c08c63fc48d61c3
NeoBundleLock vim-fugitive 0095769029709b531d2505ee6ad9907dd9bd72a0
NeoBundleLock vim-quickrun 2d03b3a7405da0e95ff7f6f617843ba9f536395f
NeoBundleLock vim-trailing-whitespace d4ad27de051848e544e360482bdf076b154de0c1
